
Microsoft Visual Studio Solution File, Format Version 12.00
# Visual Studio 15
VisualStudioVersion = 15.0.28307.572
MinimumVisualStudioVersion = 10.0.40219.1
Project("{8BC9CEB8-8B4A-11D0-8D11-00A0C91BC942}") = "PriorityQueue", "PriorityQueue\PriorityQueue.vcxproj", "{845ED4E6-7007-446B-8E0A-D0B313D7FFBF}"
EndProject
Global
	GlobalSection(SolutionConfigurationPlatforms) = preSolution
		Debug|x64 = Debug|x64
		Debug|x86 = Debug|x86
		Release|x64 = Release|x64
		Release|x86 = Release|x86
	EndGlobalSection
	GlobalSection(ProjectConfigurationPlatforms) = postSolution
		{845ED4E6-7007-446B-8E0A-D0B313D7FFBF}.Debug|x64.ActiveCfg = Debug|x64
		{845ED4E6-7007-446B-8E0A-D0B313D7FFBF}.Debug|x64.Build.0 = Debug|x64
		{845ED4E6-7007-446B-8E0A-D0B313D7FFBF}.Debug|x86.ActiveCfg = Debug|Win32
		{845ED4E6-7007-446B-8E0A-D0B313D7FFBF}.Debug|x86.Build.0 = Debug|Win32
		{845ED4E6-7007-446B-8E0A-D0B313D7FFBF}.Release|x64.ActiveCfg = Release|x64
		{845ED4E6-7007-446B-8E0A-D0B313D7FFBF}.Release|x64.Build.0 = Release|x64
		{845ED4E6-7007-446B-8E0A-D0B313D7FFBF}.Release|x86.ActiveCfg = Release|Win32
		{845ED4E6-7007-446B-8E0A-D0B313D7FFBF}.Release|x86.Build.0 = Release|Win32
	EndGlobalSection
	GlobalSection(SolutionProperties) = preSolution
		HideSolutionNode = FALSE
	EndGlobalSection
	GlobalSection(ExtensibilityGlobals) = postSolution
		SolutionGuid = {4ADBD7C6-28FA-4A3F-8F01-A2DBFC291909}
	EndGlobalSection
EndGlobal
